{
  "name": "@abaplint/database-hdb",
  "version": "2.11.83",
  "lockfileVersion": 3,
  "requires": true,
  "packages": {
    "": {
      "name": "@abaplint/database-hdb",
      "version": "2.11.83",
      "license": "MIT",
      "dependencies": {
        "hdb": "^2.29.6"
      },
      "devDependencies": {
        "@abaplint/runtime": "^2.13.83",
        "@types/node": "^26.4.1",
        "typescript": "^6.0.3"
      }
    },
    "node_modules/@abaplint/runtime": {
      "version": "2.13.89",
      "resolved": "https://registry.npmjs.org/@abaplint/runtime/-/runtime-2.13.89.tgz",
      "integrity": "sha512-LdhSIVBGwsffAiHutaFWEgVH0XR4W4naGpYcnH+VdugGpfIsl4ryJCMSZoKG5u9z5QqFY+n4YKU1R8AoLpxjtw==",
      "dev": true,
      "license": "MIT",
      "dependencies": {
        "temporal-polyfill": "^1.0.4"
      },
      "funding": {
        "url": "https://github.com/sponsors/larshp"
      }
    },
    "node_modules/@types/node": {
      "version": "26.6.1",
      "resolved": "https://registry.npmjs.org/@types/node/-/node-26.6.1.tgz",
      "integrity": "sha512-VqGJBMCtdhqkBUCcBLvywI0NJ+KLuVzgNnlBUNFOQjqVxzo2lxLUNg1DSey8+u2u6ktswSAxg+s68QLzWHNOuA==",
      "dev": true,
      "license": "MIT",
      "dependencies": {
        "undici-types": "~8.9.0"
      }
    },
    "node_modules/hdb": {
      "version": "2.29.6",
      "resolved": "https://registry.npmjs.org/hdb/-/hdb-2.29.6.tgz",
      "integrity": "sha512-I9AQxpTn6OKm66rzzNWbJeKnxn1ylJinzSsq0J1O0HOwxv3VNuwQttKem2/DG/Sv/yRIU20dBiqZTqXjqs6Eog==",
      "license": "Apache-2.0",
      "dependencies": {
        "iconv-lite": "0.7.0"
      },
      "engines": {
        "node": ">= 18"
      },
      "optionalDependencies": {
        "lz4-wasm-nodejs": "0.9.2"
      }
    },
    "node_modules/iconv-lite": {
      "version": "0.7.0",
      "resolved": "https://registry.npmjs.org/iconv-lite/-/iconv-lite-0.7.0.tgz",
      "integrity": "sha512-cf6L2Ds3h57VVmkZe+Pn+5APsT7FpqJtEhhieDCvrE2MK5Qk9MyffgQyuxQTm6BChfeZNtcOLHp9IcWRVcIcBQ==",
      "license": "MIT",
      "dependencies": {
        "safer-buffer": ">= 2.1.2 < 3.0.0"
      },
      "engines": {
        "node": ">=0.10.0"
      },
      "funding": {
        "type": "opencollective",
        "url": "https://opencollective.com/express"
      }
    },
    "node_modules/lz4-wasm-nodejs": {
      "version": "0.9.2",
      "resolved": "https://registry.npmjs.org/lz4-wasm-nodejs/-/lz4-wasm-nodejs-0.9.2.tgz",
      "integrity": "sha512-hSwgJPS98q/Oe/89Y1OxzeA/UdnASG8GvldRyKa7aZyoAFCC8VPRtViBSava7wWC66WocjUwBpWau2rEmyFPsw==",
      "license": "MIT",
      "optional": true
    },
    "node_modules/safer-buffer": {
      "version": "2.1.2",
      "resolved": "https://registry.npmjs.org/safer-buffer/-/safer-buffer-2.1.2.tgz",
      "integrity": "sha512-YZo3K82SD7Riyi0E1EQPojLz7kpepnSQI9IyPbHHg1XXXevb5dJI7tpyN2ADxGcQbHG7vcyRHk0cbwqcQriUtg==",
      "license": "MIT"
    },
    "node_modules/temporal-polyfill": {
      "version": "1.0.5",
      "resolved": "https://registry.npmjs.org/temporal-polyfill/-/temporal-polyfill-1.0.5.tgz",
      "integrity": "sha512-+H/mmY74i6wXCMcjIhGuSnODcyZnc4eois2myhOyX0UqRAKNXQY5m9iB1en5jQ/n4SXtjLXo1ElBI5bmn8tZwQ==",
      "dev": true,
      "license": "MIT",
      "dependencies": {
        "temporal-spec": "1.0.1",
        "temporal-utils": "1.0.3"
      }
    },
    "node_modules/temporal-spec": {
      "version": "1.0.1",
      "resolved": "https://registry.npmjs.org/temporal-spec/-/temporal-spec-1.0.1.tgz",
      "integrity": "sha512-wxVoanmDeavXie1vu2JaQ3WIc3JZnWAOYFBsJyATaVsXsycKYUflGsyBmrRSnoCpZJpwPyr38VpgSUlQ8CbFxg==",
      "dev": true,
      "license": "Apache-2.0"
    },
    "node_modules/temporal-utils": {
      "version": "1.0.3",
      "resolved": "https://registry.npmjs.org/temporal-utils/-/temporal-utils-1.0.3.tgz",
      "integrity": "sha512-9jbTSX3HvkOWvDpNpFzwX/d1mkCrgQgwLmVTOEiuocZGKHsrQJtttGZFmybJ2zYP5zCSZuU5ZyeS8+eOEPABiQ==",
      "dev": true,
      "license": "MIT"
    },
    "node_modules/typescript": {
      "version": "6.0.3",
      "resolved": "https://registry.npmjs.org/typescript/-/typescript-6.0.3.tgz",
      "integrity": "sha512-y2TvuxSZPDyQakkFRPZHKFm+KKVqIisdg9/CZwm9ftvKXLP8NRWj38/ODjNbr43SsoXqNuAisEf1GdCxqWcdBw==",
      "dev": true,
      "license": "Apache-2.0",
      "bin": {
        "tsc": "bin/tsc",
        "tsserver": "bin/tsserver"
      },
      "engines": {
        "node": ">=14.17"
      }
    },
    "node_modules/undici-types": {
      "version": "8.9.0",
      "resolved": "https://registry.npmjs.org/undici-types/-/undici-types-8.9.0.tgz",
      "integrity": "sha512-KTDyRTYX8sWmKXAikPHHSyc63CRPETMctyjKFupcC6OBLXT3xsN0e9aF7m+mIXutFWpUXuedtowG7iLOzp0kQg==",
      "dev": true,
      "license": "MIT"
    }
  }
}
