{
  "name": "@abaplint/database-sqlite",
  "version": "2.0.8",
  "lockfileVersion": 2,
  "requires": true,
  "packages": {
    "": {
      "name": "@abaplint/database-sqlite",
      "version": "2.0.8",
      "license": "MIT",
      "dependencies": {
        "sql.js": "^1.6.2"
      },
      "devDependencies": {
        "@abaplint/runtime": "^2.0.9",
        "typescript": "^4.6.3"
      }
    },
    "node_modules/@abaplint/runtime": {
      "version": "2.0.9",
      "resolved": "https://registry.npmjs.org/@abaplint/runtime/-/runtime-2.0.9.tgz",
      "integrity": "sha512-z6jIDF/98+DAVDdM5LYeBNLIJrh4Mg/EIa3C+ESCokLevGMCTynuGomg3E8mv9/Cu+YxWA0SPMzcGof0i7jg7Q==",
      "dev": true
    },
    "node_modules/sql.js": {
      "version": "1.6.2",
      "resolved": "https://registry.npmjs.org/sql.js/-/sql.js-1.6.2.tgz",
      "integrity": "sha512-9iucI5fXQa+Gspeqf/BNB20PxJIn5LhXDt4mjXoFPqXdR+NqtFs15SdKpSIJ6s529aGL9zFR9p2eSCIEiMsNGA=="
    },
    "node_modules/typescript": {
      "version": "4.6.3",
      "resolved": "https://registry.npmjs.org/typescript/-/typescript-4.6.3.tgz",
      "integrity": "sha512-yNIatDa5iaofVozS/uQJEl3JRWLKKGJKh6Yaiv0GLGSuhpFJe7P3SbHZ8/yjAHRQwKRoA6YZqlfjXWmVzoVSMw==",
      "dev": true,
      "bin": {
        "tsc": "bin/tsc",
        "tsserver": "bin/tsserver"
      },
      "engines": {
        "node": ">=4.2.0"
      }
    }
  },
  "dependencies": {
    "@abaplint/runtime": {
      "version": "2.0.9",
      "resolved": "https://registry.npmjs.org/@abaplint/runtime/-/runtime-2.0.9.tgz",
      "integrity": "sha512-z6jIDF/98+DAVDdM5LYeBNLIJrh4Mg/EIa3C+ESCokLevGMCTynuGomg3E8mv9/Cu+YxWA0SPMzcGof0i7jg7Q==",
      "dev": true
    },
    "sql.js": {
      "version": "1.6.2",
      "resolved": "https://registry.npmjs.org/sql.js/-/sql.js-1.6.2.tgz",
      "integrity": "sha512-9iucI5fXQa+Gspeqf/BNB20PxJIn5LhXDt4mjXoFPqXdR+NqtFs15SdKpSIJ6s529aGL9zFR9p2eSCIEiMsNGA=="
    },
    "typescript": {
      "version": "4.6.3",
      "resolved": "https://registry.npmjs.org/typescript/-/typescript-4.6.3.tgz",
      "integrity": "sha512-yNIatDa5iaofVozS/uQJEl3JRWLKKGJKh6Yaiv0GLGSuhpFJe7P3SbHZ8/yjAHRQwKRoA6YZqlfjXWmVzoVSMw==",
      "dev": true
    }
  }
}
