{
  "name": "@abaplint/database-sqlite",
  "version": "2.0.51",
  "lockfileVersion": 2,
  "requires": true,
  "packages": {
    "": {
      "name": "@abaplint/database-sqlite",
      "version": "2.0.51",
      "license": "MIT",
      "dependencies": {
        "sql.js": "^1.7.0"
      },
      "devDependencies": {
        "@abaplint/runtime": "^2.0.51",
        "@types/sql.js": "^1.4.3",
        "typescript": "^4.7.4"
      }
    },
    "node_modules/@abaplint/runtime": {
      "version": "2.0.51",
      "resolved": "https://registry.npmjs.org/@abaplint/runtime/-/runtime-2.0.51.tgz",
      "integrity": "sha512-fL8/yoJH9KDDWiJaq02V/9U13xRSW1UYMzMOUB2oDe0I9Nz0gheKQJh2npPJU/bQ61fZBBScfNsVRFPyNwBp/Q==",
      "dev": true
    },
    "node_modules/@types/emscripten": {
      "version": "1.39.6",
      "resolved": "https://registry.npmjs.org/@types/emscripten/-/emscripten-1.39.6.tgz",
      "integrity": "sha512-H90aoynNhhkQP6DRweEjJp5vfUVdIj7tdPLsu7pq89vODD/lcugKfZOsfgwpvM6XUewEp2N5dCg1Uf3Qe55Dcg==",
      "dev": true
    },
    "node_modules/@types/node": {
      "version": "17.0.39",
      "resolved": "https://registry.npmjs.org/@types/node/-/node-17.0.39.tgz",
      "integrity": "sha512-JDU3YLlnPK3WDao6/DlXLOgSNpG13ct+CwIO17V8q0/9fWJyeMJJ/VyZ1lv8kDprihvZMydzVwf0tQOqGiY2Nw==",
      "dev": true
    },
    "node_modules/@types/sql.js": {
      "version": "1.4.3",
      "resolved": "https://registry.npmjs.org/@types/sql.js/-/sql.js-1.4.3.tgz",
      "integrity": "sha512-3bz1LJIiJtKMEL8tYf7c9Nrb1lYcFeWQkE8vhWvobE29ZzizW79DtoTjqx1bR82DS2Ch2K30nOwNhuLclZ1vYg==",
      "dev": true,
      "dependencies": {
        "@types/emscripten": "*",
        "@types/node": "*"
      }
    },
    "node_modules/sql.js": {
      "version": "1.7.0",
      "resolved": "https://registry.npmjs.org/sql.js/-/sql.js-1.7.0.tgz",
      "integrity": "sha512-qAfft3xkSgHqmmfNugWTp/59PsqIw8gbeao5TZmpmzQQsAJ49de3iDDKuxVixidYs6dkHNksY8m27v2dZNn2jw=="
    },
    "node_modules/typescript": {
      "version": "4.7.4",
      "resolved": "https://registry.npmjs.org/typescript/-/typescript-4.7.4.tgz",
      "integrity": "sha512-C0WQT0gezHuw6AdY1M2jxUO83Rjf0HP7Sk1DtXj6j1EwkQNZrHAg2XPWlq62oqEhYvONq5pkC2Y9oPljWToLmQ==",
      "dev": true,
      "bin": {
        "tsc": "bin/tsc",
        "tsserver": "bin/tsserver"
      },
      "engines": {
        "node": ">=4.2.0"
      }
    }
  },
  "dependencies": {
    "@abaplint/runtime": {
      "version": "2.0.51",
      "resolved": "https://registry.npmjs.org/@abaplint/runtime/-/runtime-2.0.51.tgz",
      "integrity": "sha512-fL8/yoJH9KDDWiJaq02V/9U13xRSW1UYMzMOUB2oDe0I9Nz0gheKQJh2npPJU/bQ61fZBBScfNsVRFPyNwBp/Q==",
      "dev": true
    },
    "@types/emscripten": {
      "version": "1.39.6",
      "resolved": "https://registry.npmjs.org/@types/emscripten/-/emscripten-1.39.6.tgz",
      "integrity": "sha512-H90aoynNhhkQP6DRweEjJp5vfUVdIj7tdPLsu7pq89vODD/lcugKfZOsfgwpvM6XUewEp2N5dCg1Uf3Qe55Dcg==",
      "dev": true
    },
    "@types/node": {
      "version": "17.0.39",
      "resolved": "https://registry.npmjs.org/@types/node/-/node-17.0.39.tgz",
      "integrity": "sha512-JDU3YLlnPK3WDao6/DlXLOgSNpG13ct+CwIO17V8q0/9fWJyeMJJ/VyZ1lv8kDprihvZMydzVwf0tQOqGiY2Nw==",
      "dev": true
    },
    "@types/sql.js": {
      "version": "1.4.3",
      "resolved": "https://registry.npmjs.org/@types/sql.js/-/sql.js-1.4.3.tgz",
      "integrity": "sha512-3bz1LJIiJtKMEL8tYf7c9Nrb1lYcFeWQkE8vhWvobE29ZzizW79DtoTjqx1bR82DS2Ch2K30nOwNhuLclZ1vYg==",
      "dev": true,
      "requires": {
        "@types/emscripten": "*",
        "@types/node": "*"
      }
    },
    "sql.js": {
      "version": "1.7.0",
      "resolved": "https://registry.npmjs.org/sql.js/-/sql.js-1.7.0.tgz",
      "integrity": "sha512-qAfft3xkSgHqmmfNugWTp/59PsqIw8gbeao5TZmpmzQQsAJ49de3iDDKuxVixidYs6dkHNksY8m27v2dZNn2jw=="
    },
    "typescript": {
      "version": "4.7.4",
      "resolved": "https://registry.npmjs.org/typescript/-/typescript-4.7.4.tgz",
      "integrity": "sha512-C0WQT0gezHuw6AdY1M2jxUO83Rjf0HP7Sk1DtXj6j1EwkQNZrHAg2XPWlq62oqEhYvONq5pkC2Y9oPljWToLmQ==",
      "dev": true
    }
  }
}
