{
  "name": "@abaplint/database-sqlite",
  "version": "2.0.11",
  "lockfileVersion": 2,
  "requires": true,
  "packages": {
    "": {
      "name": "@abaplint/database-sqlite",
      "version": "2.0.11",
      "license": "MIT",
      "dependencies": {
        "sql.js": "^1.6.2"
      },
      "devDependencies": {
        "@abaplint/runtime": "^2.0.28",
        "typescript": "^4.7.2"
      }
    },
    "node_modules/@abaplint/runtime": {
      "version": "2.0.28",
      "resolved": "https://registry.npmjs.org/@abaplint/runtime/-/runtime-2.0.28.tgz",
      "integrity": "sha512-yph7pipXc9aYtAy7g6zu62A4dtCsp7kudKUA8tGArHjUhIH837oqrTyQNmqSU6mBdbJnKsy2RK9srsJiF1LycQ==",
      "dev": true
    },
    "node_modules/sql.js": {
      "version": "1.6.2",
      "resolved": "https://registry.npmjs.org/sql.js/-/sql.js-1.6.2.tgz",
      "integrity": "sha512-9iucI5fXQa+Gspeqf/BNB20PxJIn5LhXDt4mjXoFPqXdR+NqtFs15SdKpSIJ6s529aGL9zFR9p2eSCIEiMsNGA=="
    },
    "node_modules/typescript": {
      "version": "4.7.2",
      "resolved": "https://registry.npmjs.org/typescript/-/typescript-4.7.2.tgz",
      "integrity": "sha512-Mamb1iX2FDUpcTRzltPxgWMKy3fhg0TN378ylbktPGPK/99KbDtMQ4W1hwgsbPAsG3a0xKa1vmw4VKZQbkvz5A==",
      "dev": true,
      "bin": {
        "tsc": "bin/tsc",
        "tsserver": "bin/tsserver"
      },
      "engines": {
        "node": ">=4.2.0"
      }
    }
  },
  "dependencies": {
    "@abaplint/runtime": {
      "version": "2.0.28",
      "resolved": "https://registry.npmjs.org/@abaplint/runtime/-/runtime-2.0.28.tgz",
      "integrity": "sha512-yph7pipXc9aYtAy7g6zu62A4dtCsp7kudKUA8tGArHjUhIH837oqrTyQNmqSU6mBdbJnKsy2RK9srsJiF1LycQ==",
      "dev": true
    },
    "sql.js": {
      "version": "1.6.2",
      "resolved": "https://registry.npmjs.org/sql.js/-/sql.js-1.6.2.tgz",
      "integrity": "sha512-9iucI5fXQa+Gspeqf/BNB20PxJIn5LhXDt4mjXoFPqXdR+NqtFs15SdKpSIJ6s529aGL9zFR9p2eSCIEiMsNGA=="
    },
    "typescript": {
      "version": "4.7.2",
      "resolved": "https://registry.npmjs.org/typescript/-/typescript-4.7.2.tgz",
      "integrity": "sha512-Mamb1iX2FDUpcTRzltPxgWMKy3fhg0TN378ylbktPGPK/99KbDtMQ4W1hwgsbPAsG3a0xKa1vmw4VKZQbkvz5A==",
      "dev": true
    }
  }
}
