{
  "name": "@abaplint/database-duckdb",
  "version": "2.13.86",
  "lockfileVersion": 3,
  "requires": true,
  "packages": {
    "": {
      "name": "@abaplint/database-duckdb",
      "version": "2.13.86",
      "license": "MIT",
      "dependencies": {
        "@duckdb/node-api": "^1.5.5-r.4"
      },
      "devDependencies": {
        "@abaplint/runtime": "^2.13.86",
        "@types/node": "^26.4.1",
        "typescript": "^6.0.3"
      }
    },
    "node_modules/@abaplint/runtime": {
      "version": "2.13.86",
      "resolved": "https://registry.npmjs.org/@abaplint/runtime/-/runtime-2.13.86.tgz",
      "integrity": "sha512-lLTGqrOV/ehk0vZ2kz8YZiFW4+JI9IxLgFkKvGsWi5bs/zfnzbiNhMJHd6JMQ03uI9ay5PIgNvAvAbnlL4y5tQ==",
      "dev": true,
      "license": "MIT",
      "dependencies": {
        "temporal-polyfill": "^1.0.4"
      },
      "funding": {
        "url": "https://github.com/sponsors/larshp"
      }
    },
    "node_modules/@duckdb/node-api": {
      "version": "1.5.5-r.4",
      "resolved": "https://registry.npmjs.org/@duckdb/node-api/-/node-api-1.5.5-r.4.tgz",
      "integrity": "sha512-8v0CZNo7aM6GQCNUHERGTrZWIfss8xKzZPF3ACNhPdMMrt7UjkNI5nRQ9FTFO7Yx8ghxYxVpdotmBBMQ5vXUOA==",
      "license": "MIT",
      "dependencies": {
        "@duckdb/node-bindings": "1.5.5-r.4"
      }
    },
    "node_modules/@duckdb/node-bindings": {
      "version": "1.5.5-r.4",
      "resolved": "https://registry.npmjs.org/@duckdb/node-bindings/-/node-bindings-1.5.5-r.4.tgz",
      "integrity": "sha512-n+4hEfjp4vny3BuWn5p1Gh5CzHaPRxoI8TzTytxL1GMlIKKrXcg/o6sSAjrsROUXGAM4WQCiWPLKnPsjJJSggg==",
      "license": "MIT",
      "dependencies": {
        "detect-libc": "^2.1.2"
      },
      "optionalDependencies": {
        "@duckdb/node-bindings-darwin-arm64": "1.5.5-r.4",
        "@duckdb/node-bindings-darwin-x64": "1.5.5-r.4",
        "@duckdb/node-bindings-linux-arm64": "1.5.5-r.4",
        "@duckdb/node-bindings-linux-arm64-musl": "1.5.5-r.4",
        "@duckdb/node-bindings-linux-x64": "1.5.5-r.4",
        "@duckdb/node-bindings-linux-x64-musl": "1.5.5-r.4",
        "@duckdb/node-bindings-win32-arm64": "1.5.5-r.4",
        "@duckdb/node-bindings-win32-x64": "1.5.5-r.4"
      }
    },
    "node_modules/@duckdb/node-bindings-darwin-arm64": {
      "version": "1.5.5-r.4",
      "resolved": "https://registry.npmjs.org/@duckdb/node-bindings-darwin-arm64/-/node-bindings-darwin-arm64-1.5.5-r.4.tgz",
      "integrity": "sha512-4OdO3pkoJzAZDnZ2iyehi67XL4+WqHPCGYWbyAsYyhGJS+WscGrAnFhMhHudMM2XF8pIEM2tuOKMmwWnTNN2wQ==",
      "cpu": [
        "arm64"
      ],
      "license": "MIT",
      "optional": true,
      "os": [
        "darwin"
      ]
    },
    "node_modules/@duckdb/node-bindings-darwin-x64": {
      "version": "1.5.5-r.4",
      "resolved": "https://registry.npmjs.org/@duckdb/node-bindings-darwin-x64/-/node-bindings-darwin-x64-1.5.5-r.4.tgz",
      "integrity": "sha512-WHg3E+TupdujG31LGujMMcmtPIdW6rqRHeihlKgJR8EMetHycoYkwYxRud0niitJvS+uV0du/6pdemzs3HG9GQ==",
      "cpu": [
        "x64"
      ],
      "license": "MIT",
      "optional": true,
      "os": [
        "darwin"
      ]
    },
    "node_modules/@duckdb/node-bindings-linux-arm64": {
      "version": "1.5.5-r.4",
      "resolved": "https://registry.npmjs.org/@duckdb/node-bindings-linux-arm64/-/node-bindings-linux-arm64-1.5.5-r.4.tgz",
      "integrity": "sha512-VIeHMpYAKpGiWZ4QYsOhODAHDEcXcn089aKty0MFsMEKaEfRJWixKwnwXy/ba2/wwFmnPiSFhKNqygj2BrQbqw==",
      "cpu": [
        "arm64"
      ],
      "libc": [
        "glibc"
      ],
      "license": "MIT",
      "optional": true,
      "os": [
        "linux"
      ]
    },
    "node_modules/@duckdb/node-bindings-linux-arm64-musl": {
      "version": "1.5.5-r.4",
      "resolved": "https://registry.npmjs.org/@duckdb/node-bindings-linux-arm64-musl/-/node-bindings-linux-arm64-musl-1.5.5-r.4.tgz",
      "integrity": "sha512-Tswnf+/XWpOcFJNUUu1fkFIX/su4tMcnNz0ZV0Nru3/CkJKIMwBh+VL4SM9YV4zPK90GC4Lm8gzafjc1qDmfyQ==",
      "cpu": [
        "arm64"
      ],
      "libc": [
        "musl"
      ],
      "license": "MIT",
      "optional": true,
      "os": [
        "linux"
      ]
    },
    "node_modules/@duckdb/node-bindings-linux-x64": {
      "version": "1.5.5-r.4",
      "resolved": "https://registry.npmjs.org/@duckdb/node-bindings-linux-x64/-/node-bindings-linux-x64-1.5.5-r.4.tgz",
      "integrity": "sha512-EY+CL/4h8MQZd9MxTBq+98m3U9osmvHBwhE9b5fMWQGt2I6p1j8fvX0SXiwy9KBfQIbjVUOf5XvGdXncI54KSg==",
      "cpu": [
        "x64"
      ],
      "libc": [
        "glibc"
      ],
      "license": "MIT",
      "optional": true,
      "os": [
        "linux"
      ]
    },
    "node_modules/@duckdb/node-bindings-linux-x64-musl": {
      "version": "1.5.5-r.4",
      "resolved": "https://registry.npmjs.org/@duckdb/node-bindings-linux-x64-musl/-/node-bindings-linux-x64-musl-1.5.5-r.4.tgz",
      "integrity": "sha512-h0ixrgGHtHh+C/Fu1eAL9hX4iCf8yuyJN6Y24Gh8axXXP8UuSh0rQRAQUQTYarQ8pm2qSG/67ZYjyYYydD+J/w==",
      "cpu": [
        "x64"
      ],
      "libc": [
        "musl"
      ],
      "license": "MIT",
      "optional": true,
      "os": [
        "linux"
      ]
    },
    "node_modules/@duckdb/node-bindings-win32-arm64": {
      "version": "1.5.5-r.4",
      "resolved": "https://registry.npmjs.org/@duckdb/node-bindings-win32-arm64/-/node-bindings-win32-arm64-1.5.5-r.4.tgz",
      "integrity": "sha512-uorAnySIMwWkRDuUhM1yTDxWIislnX8mndhFIw6r4VKhVW61HEOOMX5oAgkSQFII4RNWpC5PCcUAEhSATgNvVQ==",
      "cpu": [
        "arm64"
      ],
      "license": "MIT",
      "optional": true,
      "os": [
        "win32"
      ]
    },
    "node_modules/@duckdb/node-bindings-win32-x64": {
      "version": "1.5.5-r.4",
      "resolved": "https://registry.npmjs.org/@duckdb/node-bindings-win32-x64/-/node-bindings-win32-x64-1.5.5-r.4.tgz",
      "integrity": "sha512-X9XGcWQ10P3mvUIaMXXk2bi94Cow7b/ziTPMKxJ0U8U3wQPxsLzEUP7D7C/KrBWINl5am2k+5SkDVyA/THUgPg==",
      "cpu": [
        "x64"
      ],
      "license": "MIT",
      "optional": true,
      "os": [
        "win32"
      ]
    },
    "node_modules/@types/node": {
      "version": "26.5.1",
      "resolved": "https://registry.npmjs.org/@types/node/-/node-26.5.1.tgz",
      "integrity": "sha512-CzNm2FezW4VR/LjG6yUdiEgLE/rAQ9Slj5gCu/C2VrdcW7I0ahNZ8DRbHT7zOZ6r3ONgd/bsQIeSaoDGrd1C6g==",
      "dev": true,
      "license": "MIT",
      "dependencies": {
        "undici-types": "~8.9.0"
      }
    },
    "node_modules/detect-libc": {
      "version": "2.1.2",
      "resolved": "https://registry.npmjs.org/detect-libc/-/detect-libc-2.1.2.tgz",
      "integrity": "sha512-Btj2BOOO83o3WyH59e8MgXsxEQVcarkUOpEYrubB0urwnN10yQ364rsiByU11nZlqWYZm05i/of7io4mzihBtQ==",
      "license": "Apache-2.0",
      "engines": {
        "node": ">=8"
      }
    },
    "node_modules/temporal-polyfill": {
      "version": "1.0.5",
      "resolved": "https://registry.npmjs.org/temporal-polyfill/-/temporal-polyfill-1.0.5.tgz",
      "integrity": "sha512-+H/mmY74i6wXCMcjIhGuSnODcyZnc4eois2myhOyX0UqRAKNXQY5m9iB1en5jQ/n4SXtjLXo1ElBI5bmn8tZwQ==",
      "dev": true,
      "license": "MIT",
      "dependencies": {
        "temporal-spec": "1.0.1",
        "temporal-utils": "1.0.3"
      }
    },
    "node_modules/temporal-spec": {
      "version": "1.0.1",
      "resolved": "https://registry.npmjs.org/temporal-spec/-/temporal-spec-1.0.1.tgz",
      "integrity": "sha512-wxVoanmDeavXie1vu2JaQ3WIc3JZnWAOYFBsJyATaVsXsycKYUflGsyBmrRSnoCpZJpwPyr38VpgSUlQ8CbFxg==",
      "dev": true,
      "license": "Apache-2.0"
    },
    "node_modules/temporal-utils": {
      "version": "1.0.3",
      "resolved": "https://registry.npmjs.org/temporal-utils/-/temporal-utils-1.0.3.tgz",
      "integrity": "sha512-9jbTSX3HvkOWvDpNpFzwX/d1mkCrgQgwLmVTOEiuocZGKHsrQJtttGZFmybJ2zYP5zCSZuU5ZyeS8+eOEPABiQ==",
      "dev": true,
      "license": "MIT"
    },
    "node_modules/typescript": {
      "version": "6.0.3",
      "resolved": "https://registry.npmjs.org/typescript/-/typescript-6.0.3.tgz",
      "integrity": "sha512-y2TvuxSZPDyQakkFRPZHKFm+KKVqIisdg9/CZwm9ftvKXLP8NRWj38/ODjNbr43SsoXqNuAisEf1GdCxqWcdBw==",
      "dev": true,
      "license": "Apache-2.0",
      "bin": {
        "tsc": "bin/tsc",
        "tsserver": "bin/tsserver"
      },
      "engines": {
        "node": ">=14.17"
      }
    },
    "node_modules/undici-types": {
      "version": "8.9.0",
      "resolved": "https://registry.npmjs.org/undici-types/-/undici-types-8.9.0.tgz",
      "integrity": "sha512-KTDyRTYX8sWmKXAikPHHSyc63CRPETMctyjKFupcC6OBLXT3xsN0e9aF7m+mIXutFWpUXuedtowG7iLOzp0kQg==",
      "dev": true,
      "license": "MIT"
    }
  }
}
